
Microsoft Visual Studio Solution File, Format Version 12.00
# Visual Studio Version 16
VisualStudioVersion = 16.0.28711.60
MinimumVisualStudioVersion = 10.0.40219.1
Project("{8BC9CEB8-8B4A-11D0-8D11-00A0C91BC942}") = "clerks", "clerks\clerks.vcxproj", "{B9733715-D12D-473E-8840-7685776AD632}"
EndProject
Global
	GlobalSection(SolutionConfigurationPlatforms) = preSolution
		Debug|x64 = Debug|x64
		Debug|x86 = Debug|x86
		Release|x64 = Release|x64
		Release|x86 = Release|x86
	EndGlobalSection
	GlobalSection(ProjectConfigurationPlatforms) = postSolution
		{B9733715-D12D-473E-8840-7685776AD632}.Debug|x64.ActiveCfg = Debug|x64
		{B9733715-D12D-473E-8840-7685776AD632}.Debug|x64.Build.0 = Debug|x64
		{B9733715-D12D-473E-8840-7685776AD632}.Debug|x86.ActiveCfg = Debug|Win32
		{B9733715-D12D-473E-8840-7685776AD632}.Debug|x86.Build.0 = Debug|Win32
		{B9733715-D12D-473E-8840-7685776AD632}.Release|x64.ActiveCfg = Release|x64
		{B9733715-D12D-473E-8840-7685776AD632}.Release|x64.Build.0 = Release|x64
		{B9733715-D12D-473E-8840-7685776AD632}.Release|x86.ActiveCfg = Release|Win32
		{B9733715-D12D-473E-8840-7685776AD632}.Release|x86.Build.0 = Release|Win32
	EndGlobalSection
	GlobalSection(SolutionProperties) = preSolution
		HideSolutionNode = FALSE
	EndGlobalSection
	GlobalSection(ExtensibilityGlobals) = postSolution
		SolutionGuid = {F9C285DD-DDD4-4302-94DF-A5FF2FCBA638}
	EndGlobalSection
EndGlobal
